# This file was autogenerated by Stack.
# You should not edit this file by hand.
# For more information, please see the documentation at:
#   https://docs.haskellstack.org/en/stable/lock_files

packages:
- completed:
    hackage: http-conduit-2.3.8@sha256:6ceea827376f20870fe8a6929555ccc84040962ec39ff381f7fa2464fba28512,3234
    pantry-tree:
      sha256: 3e87317eae9e8f5442665aaf32f0051dfc9c6d058f9248f0bb58986e5b92b1c0
      size: 784
  original:
    hackage: http-conduit-2.3.8
- completed:
    hackage: html-conduit-1.3.2.1@sha256:61a9fe9e4c28c5feb7f68a84cac846a8db96bc46434e739f722fddaca7939529,2104
    pantry-tree:
      sha256: 7e22a5f73125fa55b396e7a3deeadeba8d9c8e56668df5ad2ea0d5a3d240864a
      size: 504
  original:
    hackage: html-conduit-1.3.2.1
- completed:
    hackage: aeson-2.1.2.1@sha256:5b8d62a60963a925c4d123a46e42a8e235a32188522c9f119f64ac228c2612a7,6359
    pantry-tree:
      sha256: 58d33beedd6e0ff79920c636d8a4295deb684b6e97c9b1ca94d3c780958d6302
      size: 82465
  original:
    hackage: aeson-2.1.2.1
snapshots:
- completed:
    sha256: afd5ba64ab602cabc2d3942d3d7e7dd6311bc626dcb415b901eaf576cb62f0ea
    size: 640060
    url: https://raw.githubusercontent.com/commercialhaskell/stackage-snapshots/master/lts/21/22.yaml
  original:
    url: https://raw.githubusercontent.com/commercialhaskell/stackage-snapshots/master/lts/21/22.yaml
